
Microsoft Visual Studio Solution File, Format Version 12.00
# Visual Studio 2012
Project("{FAE04EC0-301F-11D3-BF4B-00C04F79EFBC}") = "Jericalla.BlogExamples.DesignPatterns", "Jericalla.BlogExamples.DesignPatterns\Jericalla.BlogExamples.DesignPatterns.csproj", "{7B57E571-A089-4B9B-9124-68282A8AC95F}"
EndProject
Global
	GlobalSection(SolutionConfigurationPlatforms) = preSolution
		Debug|Any CPU = Debug|Any CPU
		Release|Any CPU = Release|Any CPU
	EndGlobalSection
	GlobalSection(ProjectConfigurationPlatforms) = postSolution
		{7B57E571-A089-4B9B-9124-68282A8AC95F}.Debug|Any CPU.ActiveCfg = Debug|Any CPU
		{7B57E571-A089-4B9B-9124-68282A8AC95F}.Debug|Any CPU.Build.0 = Debug|Any CPU
		{7B57E571-A089-4B9B-9124-68282A8AC95F}.Release|Any CPU.ActiveCfg = Release|Any CPU
		{7B57E571-A089-4B9B-9124-68282A8AC95F}.Release|Any CPU.Build.0 = Release|Any CPU
	EndGlobalSection
	GlobalSection(SolutionProperties) = preSolution
		HideSolutionNode = FALSE
	EndGlobalSection
EndGlobal
